{
  "nodes": {
    "claude-code-overlay": {
      "inputs": {
        "nixpkgs": "nixpkgs"
      },
      "locked": {
        "lastModified": 1772841847,
        "narHash": "sha256-Qre73BGBcw1YlhBTTT+T/rVoqVtlCgHYYExUreIJoYs=",
        "owner": "ryoppippi",
        "repo": "claude-code-overlay",
        "rev": "871c9fa0d37c0d6b3bdbf30341a8d08a75b1793b",
        "type": "github"
      },
      "original": {
        "owner": "ryoppippi",
        "repo": "claude-code-overlay",
        "type": "github"
      }
    },
    "home-manager": {
      "inputs": {
        "nixpkgs": [
          "nixpkgs"
        ]
      },
      "locked": {
        "lastModified": 1772633058,
        "narHash": "sha256-SO7JapRy2HPhgmqiLbfnW1kMx5rakPMKZ9z3wtRLQjI=",
        "owner": "nix-community",
        "repo": "home-manager",
        "rev": "080657a04188aca25f8a6c70a0fb2ea7e37f1865",
        "type": "github"
      },
      "original": {
        "owner": "nix-community",
        "ref": "release-25.11",
        "repo": "home-manager",
        "type": "github"
      }
    },
    "nixpkgs": {
      "locked": {
        "lastModified": 1768127708,
        "narHash": "sha256-1Sm77VfZh3mU0F5OqKABNLWxOuDeHIlcFjsXeeiPazs=",
        "owner": "NixOS",
        "repo": "nixpkgs",
        "rev": "ffbc9f8cbaacfb331b6017d5a5abb21a492c9a38",
        "type": "github"
      },
      "original": {
        "owner": "NixOS",
        "ref": "nixos-unstable",
        "repo": "nixpkgs",
        "type": "github"
      }
    },
    "nixpkgs_2": {
      "locked": {
        "lastModified": 1772822230,
        "narHash": "sha256-yf3iYLGbGVlIthlQIk5/4/EQDZNNEmuqKZkQssMljuw=",
        "owner": "NixOS",
        "repo": "nixpkgs",
        "rev": "71caefce12ba78d84fe618cf61644dce01cf3a96",
        "type": "github"
      },
      "original": {
        "owner": "NixOS",
        "ref": "nixos-25.11",
        "repo": "nixpkgs",
        "type": "github"
      }
    },
    "root": {
      "inputs": {
        "claude-code-overlay": "claude-code-overlay",
        "home-manager": "home-manager",
        "nixpkgs": "nixpkgs_2"
      }
    }
  },
  "root": "root",
  "version": 7
}
